
Microsoft Visual Studio Solution File, Format Version 10.00
# Visual Studio 2008
Project("{FAE04EC0-301F-11D3-BF4B-00C04F79EFBC}") = "SteamCondenser", "SteamCondenser\SteamCondenser.csproj", "{450045CE-EA08-49BA-AAA2-416E98E89EDC}"
	ProjectSection(WebsiteProperties) = preProject
		Debug.AspNetCompiler.Debug = "True"
		Release.AspNetCompiler.Debug = "False"
	EndProjectSection
EndProject
Project("{FAE04EC0-301F-11D3-BF4B-00C04F79EFBC}") = "SteamCondenser.Test", "SteamCondenser.Test\SteamCondenser.Test.csproj", "{E5CF8F1D-5AC8-47E7-B5C7-AE07BA442389}"
EndProject
Global
	GlobalSection(SolutionConfigurationPlatforms) = preSolution
		Debug|Any CPU = Debug|Any CPU
		Release|Any CPU = Release|Any CPU
	EndGlobalSection
	GlobalSection(ProjectConfigurationPlatforms) = postSolution
		{450045CE-EA08-49BA-AAA2-416E98E89EDC}.Debug|Any CPU.ActiveCfg = Debug|Any CPU
		{450045CE-EA08-49BA-AAA2-416E98E89EDC}.Debug|Any CPU.Build.0 = Debug|Any CPU
		{450045CE-EA08-49BA-AAA2-416E98E89EDC}.Release|Any CPU.ActiveCfg = Release|Any CPU
		{450045CE-EA08-49BA-AAA2-416E98E89EDC}.Release|Any CPU.Build.0 = Release|Any CPU
		{E5CF8F1D-5AC8-47E7-B5C7-AE07BA442389}.Debug|Any CPU.ActiveCfg = Debug|Any CPU
		{E5CF8F1D-5AC8-47E7-B5C7-AE07BA442389}.Debug|Any CPU.Build.0 = Debug|Any CPU
		{E5CF8F1D-5AC8-47E7-B5C7-AE07BA442389}.Release|Any CPU.ActiveCfg = Release|Any CPU
		{E5CF8F1D-5AC8-47E7-B5C7-AE07BA442389}.Release|Any CPU.Build.0 = Release|Any CPU
	EndGlobalSection
	GlobalSection(MonoDevelopProperties) = preSolution
		StartupItem = SteamCondenser\SteamCondenser.csproj
		Policies = $0
		$0.TextStylePolicy = $1
		$1.FileWidth = 120
		$1.TabWidth = 4
		$1.RemoveTrailingWhitespace = True
		$1.EolMarker = Unix
		$1.inheritsSet = Mono
		$1.inheritsScope = text/plain
		$1.scope = text/plain
		$0.StandardHeader = $2
		$2.Text = 
		$2.IncludeInNewFiles = False
		$0.VersionControlPolicy = $3
		$3.inheritsSet = Mono
		$0.ChangeLogPolicy = $4
		$4.UpdateMode = None
		$4.MessageStyle = $5
		$5.LineAlign = 0
		$4.inheritsSet = Mono
	EndGlobalSection
	GlobalSection(SolutionProperties) = preSolution
		HideSolutionNode = FALSE
	EndGlobalSection
EndGlobal
